
Microsoft Visual Studio Solution File, Format Version 12.00
# Visual Studio Version 17
VisualStudioVersion = 17.8.34309.116
MinimumVisualStudioVersion = 10.0.40219.1
Project("{9A19103F-16F7-4668-BE54-9A1E7A4F7556}") = "Lanchonete40App", "Lanchonete40App\Lanchonete40App.csproj", "{D90B6476-B233-457D-A79B-D4A22D9CC1A7}"
EndProject
Project("{9A19103F-16F7-4668-BE54-9A1E7A4F7556}") = "Lanchonete40App.Negocio", "Lanchonete40App.Negocio\Lanchonete40App.Negocio.csproj", "{C41AB68A-476C-4034-BD82-996A209E13AB}"
EndProject
Project("{FAE04EC0-301F-11D3-BF4B-00C04F79EFBC}") = "Lanchonente40App.xUnit", "Lanchonente40App.xUnit\Lanchonente40App.xUnit.csproj", "{0641E3DD-983B-4BD6-8855-25AB046ECC0B}"
EndProject
Global
	GlobalSection(SolutionConfigurationPlatforms) = preSolution
		Debug|Any CPU = Debug|Any CPU
		Release|Any CPU = Release|Any CPU
	EndGlobalSection
	GlobalSection(ProjectConfigurationPlatforms) = postSolution
		{D90B6476-B233-457D-A79B-D4A22D9CC1A7}.Debug|Any CPU.ActiveCfg = Debug|Any CPU
		{D90B6476-B233-457D-A79B-D4A22D9CC1A7}.Debug|Any CPU.Build.0 = Debug|Any CPU
		{D90B6476-B233-457D-A79B-D4A22D9CC1A7}.Release|Any CPU.ActiveCfg = Release|Any CPU
		{D90B6476-B233-457D-A79B-D4A22D9CC1A7}.Release|Any CPU.Build.0 = Release|Any CPU
		{C41AB68A-476C-4034-BD82-996A209E13AB}.Debug|Any CPU.ActiveCfg = Debug|Any CPU
		{C41AB68A-476C-4034-BD82-996A209E13AB}.Debug|Any CPU.Build.0 = Debug|Any CPU
		{C41AB68A-476C-4034-BD82-996A209E13AB}.Release|Any CPU.ActiveCfg = Release|Any CPU
		{C41AB68A-476C-4034-BD82-996A209E13AB}.Release|Any CPU.Build.0 = Release|Any CPU
		{0641E3DD-983B-4BD6-8855-25AB046ECC0B}.Debug|Any CPU.ActiveCfg = Debug|Any CPU
		{0641E3DD-983B-4BD6-8855-25AB046ECC0B}.Debug|Any CPU.Build.0 = Debug|Any CPU
		{0641E3DD-983B-4BD6-8855-25AB046ECC0B}.Release|Any CPU.ActiveCfg = Release|Any CPU
		{0641E3DD-983B-4BD6-8855-25AB046ECC0B}.Release|Any CPU.Build.0 = Release|Any CPU
	EndGlobalSection
	GlobalSection(SolutionProperties) = preSolution
		HideSolutionNode = FALSE
	EndGlobalSection
	GlobalSection(ExtensibilityGlobals) = postSolution
		SolutionGuid = {04E0BDC1-CACB-4865-8017-51DCDDE6F961}
	EndGlobalSection
EndGlobal
